
Microsoft Visual Studio Solution File, Format Version 12.00
Project("{FAE04EC0-301F-11D3-BF4B-00C04F79EFBC}") = "TxtLocalization", "TxtLocalization.csproj", "{D3153D8C-EB91-4F05-81FC-73BCD410C8D9}"
EndProject
Global
	GlobalSection(SolutionConfigurationPlatforms) = preSolution
		Debug|Any CPU = Debug|Any CPU
		Release|Any CPU = Release|Any CPU
	EndGlobalSection
	GlobalSection(ProjectConfigurationPlatforms) = postSolution
		{D3153D8C-EB91-4F05-81FC-73BCD410C8D9}.Debug|Any CPU.ActiveCfg = Debug|Any CPU
		{D3153D8C-EB91-4F05-81FC-73BCD410C8D9}.Debug|Any CPU.Build.0 = Debug|Any CPU
		{D3153D8C-EB91-4F05-81FC-73BCD410C8D9}.Release|Any CPU.ActiveCfg = Release|Any CPU
		{D3153D8C-EB91-4F05-81FC-73BCD410C8D9}.Release|Any CPU.Build.0 = Release|Any CPU
	EndGlobalSection
EndGlobal
